
Microsoft Visual Studio Solution File, Format Version 12.00
# Visual Studio Version 17
VisualStudioVersion = 17.5.33530.505
MinimumVisualStudioVersion = 10.0.40219.1
Project("{FAE04EC0-301F-11D3-BF4B-00C04F79EFBC}") = "FirstComeFirstServed", "FirstComeFirstServed\FirstComeFirstServed.csproj", "{5025667F-EF12-41C3-80D1-4606726CC10F}"
EndProject
Global
	GlobalSection(SolutionConfigurationPlatforms) = preSolution
		Debug|Any CPU = Debug|Any CPU
		Release|Any CPU = Release|Any CPU
	EndGlobalSection
	GlobalSection(ProjectConfigurationPlatforms) = postSolution
		{5025667F-EF12-41C3-80D1-4606726CC10F}.Debug|Any CPU.ActiveCfg = Debug|Any CPU
		{5025667F-EF12-41C3-80D1-4606726CC10F}.Debug|Any CPU.Build.0 = Debug|Any CPU
		{5025667F-EF12-41C3-80D1-4606726CC10F}.Release|Any CPU.ActiveCfg = Release|Any CPU
		{5025667F-EF12-41C3-80D1-4606726CC10F}.Release|Any CPU.Build.0 = Release|Any CPU
	EndGlobalSection
	GlobalSection(SolutionProperties) = preSolution
		HideSolutionNode = FALSE
	EndGlobalSection
	GlobalSection(ExtensibilityGlobals) = postSolution
		SolutionGuid = {CD8675CC-BABC-4F4D-9F1A-D564BB48CB34}
	EndGlobalSection
EndGlobal
